
Microsoft Visual Studio Solution File, Format Version 12.00
# Visual Studio Version 17
VisualStudioVersion = 17.10.34707.107
MinimumVisualStudioVersion = 10.0.40219.1
Project("{9A19103F-16F7-4668-BE54-9A1E7A4F7556}") = "AKMDotNetCore.ConsoleApp", "AKMDotNetCore.ConsoleApp\AKMDotNetCore.ConsoleApp.csproj", "{064DC02C-FB02-4707-A8CF-1EE7AED5C9E0}"
EndProject
Project("{2150E333-8FDC-42A3-9474-1A3956D46DE8}") = "Documents", "Documents", "{CB66282B-571A-417F-881A-B9BEF438BE1E}"
	ProjectSection(SolutionItems) = preProject
		AKMDotNetCore.sql = AKMDotNetCore.sql
		README.md = README.md
	EndProjectSection
EndProject
Project("{9A19103F-16F7-4668-BE54-9A1E7A4F7556}") = "AKMDotNetCore.RestApi", "AKMDotNetCore.RestApi\AKMDotNetCore.RestApi.csproj", "{4EBECAD3-AB92-4CF7-B9BE-C09861D63F09}"
EndProject
Project("{9A19103F-16F7-4668-BE54-9A1E7A4F7556}") = "AKMDotNetCore.Shared", "AKMDotNetCore.Shared\AKMDotNetCore.Shared.csproj", "{F54256F8-E494-4931-A3A1-DB571DAC7378}"
EndProject
Project("{9A19103F-16F7-4668-BE54-9A1E7A4F7556}") = "AKMDotNetCore.RestApiWithNLayer", "AKMDotNetCore.RestApiWithNLayer\AKMDotNetCore.RestApiWithNLayer.csproj", "{F44D3EF6-C548-4712-9250-0F0628C9554D}"
EndProject
Project("{FAE04EC0-301F-11D3-BF4B-00C04F79EFBC}") = "AKMDotNetCore.ConsoleAppHttpClientExample", "AKMDotNetCore.ConsoleAppHttpClientExample\AKMDotNetCore.ConsoleAppHttpClientExample.csproj", "{3A4F0B88-1C96-47B6-A6DA-CE1677DE98DC}"
EndProject
Global
	GlobalSection(SolutionConfigurationPlatforms) = preSolution
		Debug|Any CPU = Debug|Any CPU
		Release|Any CPU = Release|Any CPU
	EndGlobalSection
	GlobalSection(ProjectConfigurationPlatforms) = postSolution
		{064DC02C-FB02-4707-A8CF-1EE7AED5C9E0}.Debug|Any CPU.ActiveCfg = Debug|Any CPU
		{064DC02C-FB02-4707-A8CF-1EE7AED5C9E0}.Debug|Any CPU.Build.0 = Debug|Any CPU
		{064DC02C-FB02-4707-A8CF-1EE7AED5C9E0}.Release|Any CPU.ActiveCfg = Release|Any CPU
		{064DC02C-FB02-4707-A8CF-1EE7AED5C9E0}.Release|Any CPU.Build.0 = Release|Any CPU
		{4EBECAD3-AB92-4CF7-B9BE-C09861D63F09}.Debug|Any CPU.ActiveCfg = Debug|Any CPU
		{4EBECAD3-AB92-4CF7-B9BE-C09861D63F09}.Debug|Any CPU.Build.0 = Debug|Any CPU
		{4EBECAD3-AB92-4CF7-B9BE-C09861D63F09}.Release|Any CPU.ActiveCfg = Release|Any CPU
		{4EBECAD3-AB92-4CF7-B9BE-C09861D63F09}.Release|Any CPU.Build.0 = Release|Any CPU
		{F54256F8-E494-4931-A3A1-DB571DAC7378}.Debug|Any CPU.ActiveCfg = Debug|Any CPU
		{F54256F8-E494-4931-A3A1-DB571DAC7378}.Debug|Any CPU.Build.0 = Debug|Any CPU
		{F54256F8-E494-4931-A3A1-DB571DAC7378}.Release|Any CPU.ActiveCfg = Release|Any CPU
		{F54256F8-E494-4931-A3A1-DB571DAC7378}.Release|Any CPU.Build.0 = Release|Any CPU
		{F44D3EF6-C548-4712-9250-0F0628C9554D}.Debug|Any CPU.ActiveCfg = Debug|Any CPU
		{F44D3EF6-C548-4712-9250-0F0628C9554D}.Debug|Any CPU.Build.0 = Debug|Any CPU
		{F44D3EF6-C548-4712-9250-0F0628C9554D}.Release|Any CPU.ActiveCfg = Release|Any CPU
		{F44D3EF6-C548-4712-9250-0F0628C9554D}.Release|Any CPU.Build.0 = Release|Any CPU
		{3A4F0B88-1C96-47B6-A6DA-CE1677DE98DC}.Debug|Any CPU.ActiveCfg = Debug|Any CPU
		{3A4F0B88-1C96-47B6-A6DA-CE1677DE98DC}.Debug|Any CPU.Build.0 = Debug|Any CPU
		{3A4F0B88-1C96-47B6-A6DA-CE1677DE98DC}.Release|Any CPU.ActiveCfg = Release|Any CPU
		{3A4F0B88-1C96-47B6-A6DA-CE1677DE98DC}.Release|Any CPU.Build.0 = Release|Any CPU
	EndGlobalSection
	GlobalSection(SolutionProperties) = preSolution
		HideSolutionNode = FALSE
	EndGlobalSection
	GlobalSection(ExtensibilityGlobals) = postSolution
		SolutionGuid = {725768EA-4F1B-4766-8B9B-BFFBDAB1DB05}
	EndGlobalSection
EndGlobal
